
Microsoft Visual Studio Solution File, Format Version 12.00
# Visual Studio Version 17
VisualStudioVersion = 17.8.34330.188
MinimumVisualStudioVersion = 10.0.40219.1
Project("{9A19103F-16F7-4668-BE54-9A1E7A4F7556}") = "For 1", "For 1\For 1.csproj", "{D7D4F949-2447-4C48-820C-5605DF6E5DD6}"
EndProject
Global
	GlobalSection(SolutionConfigurationPlatforms) = preSolution
		Debug|Any CPU = Debug|Any CPU
		Release|Any CPU = Release|Any CPU
	EndGlobalSection
	GlobalSection(ProjectConfigurationPlatforms) = postSolution
		{D7D4F949-2447-4C48-820C-5605DF6E5DD6}.Debug|Any CPU.ActiveCfg = Debug|Any CPU
		{D7D4F949-2447-4C48-820C-5605DF6E5DD6}.Debug|Any CPU.Build.0 = Debug|Any CPU
		{D7D4F949-2447-4C48-820C-5605DF6E5DD6}.Release|Any CPU.ActiveCfg = Release|Any CPU
		{D7D4F949-2447-4C48-820C-5605DF6E5DD6}.Release|Any CPU.Build.0 = Release|Any CPU
	EndGlobalSection
	GlobalSection(SolutionProperties) = preSolution
		HideSolutionNode = FALSE
	EndGlobalSection
	GlobalSection(ExtensibilityGlobals) = postSolution
		SolutionGuid = {DF883A9B-7F8B-4AC2-AB01-392DB0E5C952}
	EndGlobalSection
EndGlobal
