
Microsoft Visual Studio Solution File, Format Version 12.00
# Visual Studio Version 17
VisualStudioVersion = 17.8.34330.188
MinimumVisualStudioVersion = 10.0.40219.1
Project("{FAE04EC0-301F-11D3-BF4B-00C04F79EFBC}") = "Atividade-03", "Atividade-03\Atividade-03.csproj", "{30EE1382-E0F3-4CBA-B56F-42A469CC74AA}"
EndProject
Project("{9A19103F-16F7-4668-BE54-9A1E7A4F7556}") = "Atividade-02", "..\Atividade-02\Atividade-02\Atividade-02.csproj", "{960B0C28-7BF6-4738-B51F-0A18D12AA9BD}"
EndProject
Global
	GlobalSection(SolutionConfigurationPlatforms) = preSolution
		Debug|Any CPU = Debug|Any CPU
		Release|Any CPU = Release|Any CPU
	EndGlobalSection
	GlobalSection(ProjectConfigurationPlatforms) = postSolution
		{30EE1382-E0F3-4CBA-B56F-42A469CC74AA}.Debug|Any CPU.ActiveCfg = Debug|Any CPU
		{30EE1382-E0F3-4CBA-B56F-42A469CC74AA}.Debug|Any CPU.Build.0 = Debug|Any CPU
		{30EE1382-E0F3-4CBA-B56F-42A469CC74AA}.Release|Any CPU.ActiveCfg = Release|Any CPU
		{30EE1382-E0F3-4CBA-B56F-42A469CC74AA}.Release|Any CPU.Build.0 = Release|Any CPU
		{960B0C28-7BF6-4738-B51F-0A18D12AA9BD}.Debug|Any CPU.ActiveCfg = Debug|Any CPU
		{960B0C28-7BF6-4738-B51F-0A18D12AA9BD}.Debug|Any CPU.Build.0 = Debug|Any CPU
		{960B0C28-7BF6-4738-B51F-0A18D12AA9BD}.Release|Any CPU.ActiveCfg = Release|Any CPU
		{960B0C28-7BF6-4738-B51F-0A18D12AA9BD}.Release|Any CPU.Build.0 = Release|Any CPU
	EndGlobalSection
	GlobalSection(SolutionProperties) = preSolution
		HideSolutionNode = FALSE
	EndGlobalSection
	GlobalSection(ExtensibilityGlobals) = postSolution
		SolutionGuid = {EFCB0B5F-54A3-4CB6-8652-2123ABE3991A}
	EndGlobalSection
EndGlobal
